
Microsoft Visual Studio Solution File, Format Version 12.00
# Visual Studio 2015
Project("{FAE04EC0-301F-11D3-BF4B-00C04F79EFBC}") = "Running Man.CSharp", "Running Man.CSharp.csproj", "{CD6654E7-8533-C4A2-F4D8-FA006060D3AE}"
EndProject
Global
	GlobalSection(SolutionConfigurationPlatforms) = preSolution
		Debug|Any CPU = Debug|Any CPU
		Release|Any CPU = Release|Any CPU
	EndGlobalSection
	GlobalSection(ProjectConfigurationPlatforms) = postSolution
		{CD6654E7-8533-C4A2-F4D8-FA006060D3AE}.Debug|Any CPU.ActiveCfg = Debug|Any CPU
		{CD6654E7-8533-C4A2-F4D8-FA006060D3AE}.Debug|Any CPU.Build.0 = Debug|Any CPU
		{CD6654E7-8533-C4A2-F4D8-FA006060D3AE}.Release|Any CPU.ActiveCfg = Release|Any CPU
		{CD6654E7-8533-C4A2-F4D8-FA006060D3AE}.Release|Any CPU.Build.0 = Release|Any CPU
	EndGlobalSection
	GlobalSection(SolutionProperties) = preSolution
		HideSolutionNode = FALSE
	EndGlobalSection
EndGlobal
